PODS:
  - TwilioAccessManager (1.0.0)
  - TwilioChatClient (2.0.1)

DEPENDENCIES:
  - TwilioAccessManager (~> 1.0.0)
  - TwilioChatClient (~> 2.0.1)

SPEC CHECKSUMS:
  TwilioAccessManager: fc7fd8b86de78a795976fc3c7d37dfa0e821c461
  TwilioChatClient: 35eec4d29dadd2791f474872dddf87daaf0cd2b6

PODFILE CHECKSUM: 064e1f13f88fe62c0672cfc420a26dfcda8b5eb4

COCOAPODS: 1.2.0
